
Microsoft Visual Studio Solution File, Format Version 12.00
# Visual Studio Version 17
VisualStudioVersion = 17.13.35931.197 d17.13
MinimumVisualStudioVersion = 10.0.40219.1
Project("{FAE04EC0-301F-11D3-BF4B-00C04F79EFBC}") = "Datos", "Datos\Datos.csproj", "{8655F839-0F7E-4B4E-83B6-FDDBD80C9243}"
EndProject
Project("{FAE04EC0-301F-11D3-BF4B-00C04F79EFBC}") = "Negocio", "Negocio\Negocio.csproj", "{0E421750-CEA5-4BDA-8C85-CEC5379DD9E3}"
EndProject
Project("{FAE04EC0-301F-11D3-BF4B-00C04F79EFBC}") = "Entidades", "Entidades\Entidades.csproj", "{4F2B3799-154E-4DD2-AC5D-4D2909D3CD46}"
EndProject
Project("{FAE04EC0-301F-11D3-BF4B-00C04F79EFBC}") = "Vistas", "Vistas\Vistas.csproj", "{2F42512A-B9C8-4E07-81F0-952FC85B548B}"
EndProject
Global
	GlobalSection(SolutionConfigurationPlatforms) = preSolution
		Debug|Any CPU = Debug|Any CPU
		Release|Any CPU = Release|Any CPU
	EndGlobalSection
	GlobalSection(ProjectConfigurationPlatforms) = postSolution
		{8655F839-0F7E-4B4E-83B6-FDDBD80C9243}.Debug|Any CPU.ActiveCfg = Debug|Any CPU
		{8655F839-0F7E-4B4E-83B6-FDDBD80C9243}.Debug|Any CPU.Build.0 = Debug|Any CPU
		{8655F839-0F7E-4B4E-83B6-FDDBD80C9243}.Release|Any CPU.ActiveCfg = Release|Any CPU
		{8655F839-0F7E-4B4E-83B6-FDDBD80C9243}.Release|Any CPU.Build.0 = Release|Any CPU
		{0E421750-CEA5-4BDA-8C85-CEC5379DD9E3}.Debug|Any CPU.ActiveCfg = Debug|Any CPU
		{0E421750-CEA5-4BDA-8C85-CEC5379DD9E3}.Debug|Any CPU.Build.0 = Debug|Any CPU
		{0E421750-CEA5-4BDA-8C85-CEC5379DD9E3}.Release|Any CPU.ActiveCfg = Release|Any CPU
		{0E421750-CEA5-4BDA-8C85-CEC5379DD9E3}.Release|Any CPU.Build.0 = Release|Any CPU
		{4F2B3799-154E-4DD2-AC5D-4D2909D3CD46}.Debug|Any CPU.ActiveCfg = Debug|Any CPU
		{4F2B3799-154E-4DD2-AC5D-4D2909D3CD46}.Debug|Any CPU.Build.0 = Debug|Any CPU
		{4F2B3799-154E-4DD2-AC5D-4D2909D3CD46}.Release|Any CPU.ActiveCfg = Release|Any CPU
		{4F2B3799-154E-4DD2-AC5D-4D2909D3CD46}.Release|Any CPU.Build.0 = Release|Any CPU
		{2F42512A-B9C8-4E07-81F0-952FC85B548B}.Debug|Any CPU.ActiveCfg = Debug|Any CPU
		{2F42512A-B9C8-4E07-81F0-952FC85B548B}.Debug|Any CPU.Build.0 = Debug|Any CPU
		{2F42512A-B9C8-4E07-81F0-952FC85B548B}.Release|Any CPU.ActiveCfg = Release|Any CPU
		{2F42512A-B9C8-4E07-81F0-952FC85B548B}.Release|Any CPU.Build.0 = Release|Any CPU
	EndGlobalSection
	GlobalSection(SolutionProperties) = preSolution
		HideSolutionNode = FALSE
	EndGlobalSection
	GlobalSection(ExtensibilityGlobals) = postSolution
		SolutionGuid = {CF732FF1-3DDD-4B74-A087-F67A7A8DB7B4}
	EndGlobalSection
EndGlobal
